// !$*UTF8*$!
{
	archiveVersion = 1;
	classes = {
	};
	objectVersion = 48;
	objects = {

/* Begin PBXAggregateTarget section */
		E8AA03DD20711FC30064F2CF /* CommonCryptoModuleMap */ = {
			isa = PBXAggregateTarget;
			buildConfigurationList = E8AA03DE20711FC30064F2CF /* Build configuration list for PBXAggregateTarget "CommonCryptoModuleMap" */;
			buildPhases = (
				E8AA03E320711FED0064F2CF /* ShellScript */,
			);
			dependencies = (
			);
			name = CommonCryptoModuleMap;
			productName = CommonCryptoModuleMap;
		};
/* End PBXAggregateTarget section */

/* Begin PBXBuildFile section */
		D7C4069D2074BC1B00DC2368 /* SettingsViewController.swift in Sources */ = {isa = PBXBuildFile; fileRef = D7C4069C2074BC1B00DC2368 /* SettingsViewController.swift */; };
		D7C4069F2074E71200DC2368 /* StorageService.swift in Sources */ = {isa = PBXBuildFile; fileRef = D7C4069E2074E71200DC2368 /* StorageService.swift */; };
		D7C406A12074F4FE00DC2368 /* TweetController.swift in Sources */ = {isa = PBXBuildFile; fileRef = D7C406A02074F4FE00DC2368 /* TweetController.swift */; };
		E84D5E82207A18BA0036A9E3 /* UIColor.swift in Sources */ = {isa = PBXBuildFile; fileRef = E84D5E81207A18BA0036A9E3 /* UIColor.swift */; };
		E85D22DD207773BB002A191F /* Tweet.swift in Sources */ = {isa = PBXBuildFile; fileRef = E85D22DC207773BB002A191F /* Tweet.swift */; };
		E867EC53207660290081C067 /* ApiService.swift in Sources */ = {isa = PBXBuildFile; fileRef = E867EC52207660290081C067 /* ApiService.swift */; };
		E867EC552076605D0081C067 /* String.swift in Sources */ = {isa = PBXBuildFile; fileRef = E867EC542076605D0081C067 /* String.swift */; };
		E8A9926E206F6D810025F13E /* AppDelegate.swift in Sources */ = {isa = PBXBuildFile; fileRef = E8A9926D206F6D810025F13E /* AppDelegate.swift */; };
		E8A99270206F6D810025F13E /* LoginViewController.swift in Sources */ = {isa = PBXBuildFile; fileRef = E8A9926F206F6D810025F13E /* LoginViewController.swift */; };
		E8A99273206F6D810025F13E /* Main.storyboard in Resources */ = {isa = PBXBuildFile; fileRef = E8A99271206F6D810025F13E /* Main.storyboard */; };
		E8A99275206F6D810025F13E /* Assets.xcassets in Resources */ = {isa = PBXBuildFile; fileRef = E8A99274206F6D810025F13E /* Assets.xcassets */; };
		E8A99278206F6D810025F13E /* LaunchScreen.storyboard in Resources */ = {isa = PBXBuildFile; fileRef = E8A99276206F6D810025F13E /* LaunchScreen.storyboard */; };
		E8A99283206F6F300025F13E /* OverviewViewController.swift in Sources */ = {isa = PBXBuildFile; fileRef = E8A99282206F6F300025F13E /* OverviewViewController.swift */; };
		E8A9928E206F904F0025F13E /* UIViewController.swift in Sources */ = {isa = PBXBuildFile; fileRef = E8A9928D206F904F0025F13E /* UIViewController.swift */; };
		E8AA03E7207123A80064F2CF /* Hmac-sha1.swift in Sources */ = {isa = PBXBuildFile; fileRef = E8AA03E6207123A80064F2CF /* Hmac-sha1.swift */; };
		E8DAB53F20776C460049D800 /* UserDefaults.swift in Sources */ = {isa = PBXBuildFile; fileRef = E8DAB53E20776C460049D800 /* UserDefaults.swift */; };
/* End PBXBuildFile section */

/* Begin PBXContainerItemProxy section */
		E8AA03E4207120200064F2CF /* PBXContainerItemProxy */ = {
			isa = PBXContainerItemProxy;
			containerPortal = E8A99262206F6D810025F13E /* Project object */;
			proxyType = 1;
			remoteGlobalIDString = E8AA03DD20711FC30064F2CF;
			remoteInfo = CommonCryptoModuleMap;
		};
/* End PBXContainerItemProxy section */

/* Begin PBXFileReference section */
		D7C4069C2074BC1B00DC2368 /* SettingsViewController.swift */ = {isa = PBXFileReference; lastKnownFileType = sourcecode.swift; path = SettingsViewController.swift; sourceTree = "<group>"; };
		D7C4069E2074E71200DC2368 /* StorageService.swift */ = {isa = PBXFileReference; lastKnownFileType = sourcecode.swift; path = StorageService.swift; sourceTree = "<group>"; };
		D7C406A02074F4FE00DC2368 /* TweetController.swift */ = {isa = PBXFileReference; lastKnownFileType = sourcecode.swift; path = TweetController.swift; sourceTree = "<group>"; };
		E84D5E81207A18BA0036A9E3 /* UIColor.swift */ = {isa = PBXFileReference; lastKnownFileType = sourcecode.swift; path = UIColor.swift; sourceTree = "<group>"; };
		E85D22DC207773BB002A191F /* Tweet.swift */ = {isa = PBXFileReference; lastKnownFileType = sourcecode.swift; path = Tweet.swift; sourceTree = "<group>"; };
		E867EC52207660290081C067 /* ApiService.swift */ = {isa = PBXFileReference; lastKnownFileType = sourcecode.swift; path = ApiService.swift; sourceTree = "<group>"; };
		E867EC542076605D0081C067 /* String.swift */ = {isa = PBXFileReference; lastKnownFileType = sourcecode.swift; path = String.swift; sourceTree = "<group>"; };
		E8A9926A206F6D810025F13E /* TwitterClient.app */ = {isa = PBXFileReference; explicitFileType = wrapper.application; includeInIndex = 0; path = TwitterClient.app; sourceTree = BUILT_PRODUCTS_DIR; };
		E8A9926D206F6D810025F13E /* AppDelegate.swift */ = {isa = PBXFileReference; lastKnownFileType = sourcecode.swift; path = AppDelegate.swift; sourceTree = "<group>"; };
		E8A9926F206F6D810025F13E /* LoginViewController.swift */ = {isa = PBXFileReference; lastKnownFileType = sourcecode.swift; path = LoginViewController.swift; sourceTree = "<group>"; };
		E8A99272206F6D810025F13E /* Base */ = {isa = PBXFileReference; lastKnownFileType = file.storyboard; name = Base; path = Base.lproj/Main.storyboard; sourceTree = "<group>"; };
		E8A99274206F6D810025F13E /* Assets.xcassets */ = {isa = PBXFileReference; lastKnownFileType = folder.assetcatalog; path = Assets.xcassets; sourceTree = "<group>"; };
		E8A99277206F6D810025F13E /* Base */ = {isa = PBXFileReference; lastKnownFileType = file.storyboard; name = Base; path = Base.lproj/LaunchScreen.storyboard; sourceTree = "<group>"; };
		E8A99279206F6D810025F13E /* Info.plist */ = {isa = PBXFileReference; lastKnownFileType = text.plist.xml; path = Info.plist; sourceTree = "<group>"; };
		E8A99282206F6F300025F13E /* OverviewViewController.swift */ = {isa = PBXFileReference; lastKnownFileType = sourcecode.swift; path = OverviewViewController.swift; sourceTree = "<group>"; };
		E8A9928D206F904F0025F13E /* UIViewController.swift */ = {isa = PBXFileReference; lastKnownFileType = sourcecode.swift; path = UIViewController.swift; sourceTree = "<group>"; };
		E8AA03E6207123A80064F2CF /* Hmac-sha1.swift */ = {isa = PBXFileReference; lastKnownFileType = sourcecode.swift; path = "Hmac-sha1.swift"; sourceTree = "<group>"; };
		E8DAB53E20776C460049D800 /* UserDefaults.swift */ = {isa = PBXFileReference; lastKnownFileType = sourcecode.swift; path = UserDefaults.swift; sourceTree = "<group>"; };
/* End PBXFileReference section */

/* Begin PBXFrameworksBuildPhase section */
		E8A99267206F6D810025F13E /* Frameworks */ = {
			isa = PBXFrameworksBuildPhase;
			buildActionMask = 2147483647;
			files = (
			);
			runOnlyForDeploymentPostprocessing = 0;
		};
/* End PBXFrameworksBuildPhase section */

/* Begin PBXGroup section */
		E85D22DB2077739C002A191F /* models */ = {
			isa = PBXGroup;
			children = (
				E85D22DC207773BB002A191F /* Tweet.swift */,
			);
			path = models;
			sourceTree = "<group>";
		};
		E8A99261206F6D810025F13E = {
			isa = PBXGroup;
			children = (
				E8A9926C206F6D810025F13E /* TwitterClient */,
				E8A9926B206F6D810025F13E /* Products */,
			);
			sourceTree = "<group>";
		};
		E8A9926B206F6D810025F13E /* Products */ = {
			isa = PBXGroup;
			children = (
				E8A9926A206F6D810025F13E /* TwitterClient.app */,
			);
			name = Products;
			sourceTree = "<group>";
		};
		E8A9926C206F6D810025F13E /* TwitterClient */ = {
			isa = PBXGroup;
			children = (
				E8DCC79720790C32000CB3C5 /* helpers */,
				E8DCC79620790C24000CB3C5 /* extensions */,
				E85D22DB2077739C002A191F /* models */,
				E8A99281206F6DB30025F13E /* views */,
				E8A9927F206F6D9E0025F13E /* controllers */,
				E8A9926D206F6D810025F13E /* AppDelegate.swift */,
				E8A99274206F6D810025F13E /* Assets.xcassets */,
				E8A99279206F6D810025F13E /* Info.plist */,
			);
			path = TwitterClient;
			sourceTree = "<group>";
		};
		E8A9927F206F6D9E0025F13E /* controllers */ = {
			isa = PBXGroup;
			children = (
				E8A9926F206F6D810025F13E /* LoginViewController.swift */,
				E8A99282206F6F300025F13E /* OverviewViewController.swift */,
				D7C4069C2074BC1B00DC2368 /* SettingsViewController.swift */,
				D7C406A02074F4FE00DC2368 /* TweetController.swift */,
			);
			path = controllers;
			sourceTree = "<group>";
		};
		E8A99281206F6DB30025F13E /* views */ = {
			isa = PBXGroup;
			children = (
				E8A99271206F6D810025F13E /* Main.storyboard */,
				E8A99276206F6D810025F13E /* LaunchScreen.storyboard */,
			);
			path = views;
			sourceTree = "<group>";
		};
		E8DCC79620790C24000CB3C5 /* extensions */ = {
			isa = PBXGroup;
			children = (
				E8A9928D206F904F0025F13E /* UIViewController.swift */,
				E8DAB53E20776C460049D800 /* UserDefaults.swift */,
				E867EC542076605D0081C067 /* String.swift */,
				E84D5E81207A18BA0036A9E3 /* UIColor.swift */,
			);
			path = extensions;
			sourceTree = "<group>";
		};
		E8DCC79720790C32000CB3C5 /* helpers */ = {
			isa = PBXGroup;
			children = (
				D7C4069E2074E71200DC2368 /* StorageService.swift */,
				E867EC52207660290081C067 /* ApiService.swift */,
				E8AA03E6207123A80064F2CF /* Hmac-sha1.swift */,
			);
			path = helpers;
			sourceTree = "<group>";
		};
/* End PBXGroup section */

/* Begin PBXNativeTarget section */
		E8A99269206F6D810025F13E /* TwitterClient */ = {
			isa = PBXNativeTarget;
			buildConfigurationList = E8A9927C206F6D810025F13E /* Build configuration list for PBXNativeTarget "TwitterClient" */;
			buildPhases = (
				E8A99266206F6D810025F13E /* Sources */,
				E8A99267206F6D810025F13E /* Frameworks */,
				E8A99268206F6D810025F13E /* Resources */,
				E8AA03DC20711F240064F2CF /* ShellScript */,
			);
			buildRules = (
			);
			dependencies = (
				E8AA03E5207120200064F2CF /* PBXTargetDependency */,
			);
			name = TwitterClient;
			productName = TwitterClient;
			productReference = E8A9926A206F6D810025F13E /* TwitterClient.app */;
			productType = "com.apple.product-type.application";
		};
/* End PBXNativeTarget section */

/* Begin PBXProject section */
		E8A99262206F6D810025F13E /* Project object */ = {
			isa = PBXProject;
			attributes = {
				LastSwiftUpdateCheck = 0920;
				LastUpgradeCheck = 0920;
				ORGANIZATIONNAME = Gebruiker;
				TargetAttributes = {
					E8A99269206F6D810025F13E = {
						CreatedOnToolsVersion = 9.2;
						ProvisioningStyle = Automatic;
					};
					E8AA03DD20711FC30064F2CF = {
						CreatedOnToolsVersion = 9.2;
						ProvisioningStyle = Automatic;
					};
				};
			};
			buildConfigurationList = E8A99265206F6D810025F13E /* Build configuration list for PBXProject "TwitterClient" */;
			compatibilityVersion = "Xcode 8.0";
			developmentRegion = en;
			hasScannedForEncodings = 0;
			knownRegions = (
				en,
				Base,
			);
			mainGroup = E8A99261206F6D810025F13E;
			productRefGroup = E8A9926B206F6D810025F13E /* Products */;
			projectDirPath = "";
			projectRoot = "";
			targets = (
				E8A99269206F6D810025F13E /* TwitterClient */,
				E8AA03DD20711FC30064F2CF /* CommonCryptoModuleMap */,
			);
		};
/* End PBXProject section */

/* Begin PBXResourcesBuildPhase section */
		E8A99268206F6D810025F13E /* Resources */ = {
			isa = PBXResourcesBuildPhase;
			buildActionMask = 2147483647;
			files = (
				E8A99278206F6D810025F13E /* LaunchScreen.storyboard in Resources */,
				E8A99275206F6D810025F13E /* Assets.xcassets in Resources */,
				E8A99273206F6D810025F13E /* Main.storyboard in Resources */,
			);
			runOnlyForDeploymentPostprocessing = 0;
		};
/* End PBXResourcesBuildPhase section */

/* Begin PBXShellScriptBuildPhase section */
		E8AA03DC20711F240064F2CF /* ShellScript */ = {
			isa = PBXShellScriptBuildPhase;
			buildActionMask = 2147483647;
			files = (
			);
			inputPaths = (
			);
			outputPaths = (
			);
			runOnlyForDeploymentPostprocessing = 0;
			shellPath = /bin/sh;
			shellScript = "";
		};
		E8AA03E320711FED0064F2CF /* ShellScript */ = {
			isa = PBXShellScriptBuildPhase;
			buildActionMask = 2147483647;
			files = (
			);
			inputPaths = (
			);
			outputPaths = (
			);
			runOnlyForDeploymentPostprocessing = 0;
			shellPath = /bin/sh;
			shellScript = "# This if-statement means we'll only run the main script if the CommonCryptoModuleMap directory doesn't exist\n# Because otherwise the rest of the script causes a full recompile for anything where CommonCrypto is a dependency\n# Do a \"Clean Build Folder\" to remove this directory and trigger the rest of the script to run\nif [ -d \"${BUILT_PRODUCTS_DIR}/CommonCryptoModuleMap\" ]; then\necho \"${BUILT_PRODUCTS_DIR}/CommonCryptoModuleMap directory already exists, so skipping the rest of the script.\"\nexit 0\nfi\n\nmkdir -p \"${BUILT_PRODUCTS_DIR}/CommonCryptoModuleMap\"\ncat <<EOF > \"${BUILT_PRODUCTS_DIR}/CommonCryptoModuleMap/module.modulemap\"\nmodule CommonCrypto [system] {\n    header \"${SDKROOT}/usr/include/CommonCrypto/CommonCrypto.h\"\n    export *\n}\nEOF";
		};
/* End PBXShellScriptBuildPhase section */

/* Begin PBXSourcesBuildPhase section */
		E8A99266206F6D810025F13E /* Sources */ = {
			isa = PBXSourcesBuildPhase;
			buildActionMask = 2147483647;
			files = (
				D7C4069D2074BC1B00DC2368 /* SettingsViewController.swift in Sources */,
				E8A99270206F6D810025F13E /* LoginViewController.swift in Sources */,
				E8A9926E206F6D810025F13E /* AppDelegate.swift in Sources */,
				E867EC53207660290081C067 /* ApiService.swift in Sources */,
				E8AA03E7207123A80064F2CF /* Hmac-sha1.swift in Sources */,
				E8DAB53F20776C460049D800 /* UserDefaults.swift in Sources */,
				E867EC552076605D0081C067 /* String.swift in Sources */,
				E8A9928E206F904F0025F13E /* UIViewController.swift in Sources */,
				D7C406A12074F4FE00DC2368 /* TweetController.swift in Sources */,
				E84D5E82207A18BA0036A9E3 /* UIColor.swift in Sources */,
				E8A99283206F6F300025F13E /* OverviewViewController.swift in Sources */,
				D7C4069F2074E71200DC2368 /* StorageService.swift in Sources */,
				E85D22DD207773BB002A191F /* Tweet.swift in Sources */,
			);
			runOnlyForDeploymentPostprocessing = 0;
		};
/* End PBXSourcesBuildPhase section */

/* Begin PBXTargetDependency section */
		E8AA03E5207120200064F2CF /* PBXTargetDependency */ = {
			isa = PBXTargetDependency;
			target = E8AA03DD20711FC30064F2CF /* CommonCryptoModuleMap */;
			targetProxy = E8AA03E4207120200064F2CF /* PBXContainerItemProxy */;
		};
/* End PBXTargetDependency section */

/* Begin PBXVariantGroup section */
		E8A99271206F6D810025F13E /* Main.storyboard */ = {
			isa = PBXVariantGroup;
			children = (
				E8A99272206F6D810025F13E /* Base */,
			);
			name = Main.storyboard;
			sourceTree = "<group>";
		};
		E8A99276206F6D810025F13E /* LaunchScreen.storyboard */ = {
			isa = PBXVariantGroup;
			children = (
				E8A99277206F6D810025F13E /* Base */,
			);
			name = LaunchScreen.storyboard;
			sourceTree = "<group>";
		};
/* End PBXVariantGroup section */

/* Begin XCBuildConfiguration section */
		E8A9927A206F6D810025F13E /* Debug */ = {
			isa = XCBuildConfiguration;
			buildSettings = {
				ALWAYS_SEARCH_USER_PATHS = NO;
				CLANG_ANALYZER_NONNULL = YES;
				CLANG_ANALYZER_NUMBER_OBJECT_CONVERSION = YES_AGGRESSIVE;
				CLANG_CXX_LANGUAGE_STANDARD = "gnu++14";
				CLANG_CXX_LIBRARY = "libc++";
				CLANG_ENABLE_MODULES = YES;
				CLANG_ENABLE_OBJC_ARC = YES;
				CLANG_WARN_BLOCK_CAPTURE_AUTORELEASING = YES;
				CLANG_WARN_BOOL_CONVERSION = YES;
				CLANG_WARN_COMMA = YES;
				CLANG_WARN_CONSTANT_CONVERSION = YES;
				CLANG_WARN_DIRECT_OBJC_ISA_USAGE = YES_ERROR;
				CLANG_WARN_DOCUMENTATION_COMMENTS = YES;
				CLANG_WARN_EMPTY_BODY = YES;
				CLANG_WARN_ENUM_CONVERSION = YES;
				CLANG_WARN_INFINITE_RECURSION = YES;
				CLANG_WARN_INT_CONVERSION = YES;
				CLANG_WARN_NON_LITERAL_NULL_CONVERSION = YES;
				CLANG_WARN_OBJC_LITERAL_CONVERSION = YES;
				CLANG_WARN_OBJC_ROOT_CLASS = YES_ERROR;
				CLANG_WARN_RANGE_LOOP_ANALYSIS = YES;
				CLANG_WARN_STRICT_PROTOTYPES = YES;
				CLANG_WARN_SUSPICIOUS_MOVE = YES;
				CLANG_WARN_UNGUARDED_AVAILABILITY = YES_AGGRESSIVE;
				CLANG_WARN_UNREACHABLE_CODE = YES;
				CLANG_WARN__DUPLICATE_METHOD_MATCH = YES;
				CODE_SIGN_IDENTITY = "iPhone Developer";
				COPY_PHASE_STRIP = NO;
				DEBUG_INFORMATION_FORMAT = dwarf;
				ENABLE_STRICT_OBJC_MSGSEND = YES;
				ENABLE_TESTABILITY = YES;
				GCC_C_LANGUAGE_STANDARD = gnu11;
				GCC_DYNAMIC_NO_PIC = NO;
				GCC_NO_COMMON_BLOCKS = YES;
				GCC_OPTIMIZATION_LEVEL = 0;
				GCC_PREPROCESSOR_DEFINITIONS = (
					"DEBUG=1",
					"$(inherited)",
				);
				GCC_WARN_64_TO_32_BIT_CONVERSION = YES;
				GCC_WARN_ABOUT_RETURN_TYPE = YES_ERROR;
				GCC_WARN_UNDECLARED_SELECTOR = YES;
				GCC_WARN_UNINITIALIZED_AUTOS = YES_AGGRESSIVE;
				GCC_WARN_UNUSED_FUNCTION = YES;
				GCC_WARN_UNUSED_VARIABLE = YES;
				IPHONEOS_DEPLOYMENT_TARGET = 11.2;
				MTL_ENABLE_DEBUG_INFO = YES;
				ONLY_ACTIVE_ARCH = YES;
				SDKROOT = iphoneos;
				SWIFT_ACTIVE_COMPILATION_CONDITIONS = DEBUG;
				SWIFT_OPTIMIZATION_LEVEL = "-Onone";
			};
			name = Debug;
		};
		E8A9927B206F6D810025F13E /* Release */ = {
			isa = XCBuildConfiguration;
			buildSettings = {
				ALWAYS_SEARCH_USER_PATHS = NO;
				CLANG_ANALYZER_NONNULL = YES;
				CLANG_ANALYZER_NUMBER_OBJECT_CONVERSION = YES_AGGRESSIVE;
				CLANG_CXX_LANGUAGE_STANDARD = "gnu++14";
				CLANG_CXX_LIBRARY = "libc++";
				CLANG_ENABLE_MODULES = YES;
				CLANG_ENABLE_OBJC_ARC = YES;
				CLANG_WARN_BLOCK_CAPTURE_AUTORELEASING = YES;
				CLANG_WARN_BOOL_CONVERSION = YES;
				CLANG_WARN_COMMA = YES;
				CLANG_WARN_CONSTANT_CONVERSION = YES;
				CLANG_WARN_DIRECT_OBJC_ISA_USAGE = YES_ERROR;
				CLANG_WARN_DOCUMENTATION_COMMENTS = YES;
				CLANG_WARN_EMPTY_BODY = YES;
				CLANG_WARN_ENUM_CONVERSION = YES;
				CLANG_WARN_INFINITE_RECURSION = YES;
				CLANG_WARN_INT_CONVERSION = YES;
				CLANG_WARN_NON_LITERAL_NULL_CONVERSION = YES;
				CLANG_WARN_OBJC_LITERAL_CONVERSION = YES;
				CLANG_WARN_OBJC_ROOT_CLASS = YES_ERROR;
				CLANG_WARN_RANGE_LOOP_ANALYSIS = YES;
				CLANG_WARN_STRICT_PROTOTYPES = YES;
				CLANG_WARN_SUSPICIOUS_MOVE = YES;
				CLANG_WARN_UNGUARDED_AVAILABILITY = YES_AGGRESSIVE;
				CLANG_WARN_UNREACHABLE_CODE = YES;
				CLANG_WARN__DUPLICATE_METHOD_MATCH = YES;
				CODE_SIGN_IDENTITY = "iPhone Developer";
				COPY_PHASE_STRIP = NO;
				DEBUG_INFORMATION_FORMAT = "dwarf-with-dsym";
				ENABLE_NS_ASSERTIONS = NO;
				ENABLE_STRICT_OBJC_MSGSEND = YES;
				GCC_C_LANGUAGE_STANDARD = gnu11;
				GCC_NO_COMMON_BLOCKS = YES;
				GCC_WARN_64_TO_32_BIT_CONVERSION = YES;
				GCC_WARN_ABOUT_RETURN_TYPE = YES_ERROR;
				GCC_WARN_UNDECLARED_SELECTOR = YES;
				GCC_WARN_UNINITIALIZED_AUTOS = YES_AGGRESSIVE;
				GCC_WARN_UNUSED_FUNCTION = YES;
				GCC_WARN_UNUSED_VARIABLE = YES;
				IPHONEOS_DEPLOYMENT_TARGET = 11.2;
				MTL_ENABLE_DEBUG_INFO = NO;
				SDKROOT = iphoneos;
				SWIFT_OPTIMIZATION_LEVEL = "-Owholemodule";
				VALIDATE_PRODUCT = YES;
			};
			name = Release;
		};
		E8A9927D206F6D810025F13E /* Debug */ = {
			isa = XCBuildConfiguration;
			buildSettings = {
				ASSETCATALOG_COMPILER_APPICON_NAME = AppIcon;
				CODE_SIGN_STYLE = Automatic;
				INFOPLIST_FILE = TwitterClient/Info.plist;
				LD_RUNPATH_SEARCH_PATHS = "$(inherited) @executable_path/Frameworks";
				PRODUCT_BUNDLE_IDENTIFIER = gebruiker.TwitterClient;
				PRODUCT_NAME = "$(TARGET_NAME)";
				"SWIFT_INCLUDE_PATHS[arch=*]" = "$(inherited) \"${BUILT_PRODUCTS_DIR}/CommonCryptoModuleMap\"";
				SWIFT_VERSION = 4.0;
				TARGETED_DEVICE_FAMILY = "1,2";
			};
			name = Debug;
		};
		E8A9927E206F6D810025F13E /* Release */ = {
			isa = XCBuildConfiguration;
			buildSettings = {
				ASSETCATALOG_COMPILER_APPICON_NAME = AppIcon;
				CODE_SIGN_STYLE = Automatic;
				INFOPLIST_FILE = TwitterClient/Info.plist;
				LD_RUNPATH_SEARCH_PATHS = "$(inherited) @executable_path/Frameworks";
				PRODUCT_BUNDLE_IDENTIFIER = gebruiker.TwitterClient;
				PRODUCT_NAME = "$(TARGET_NAME)";
				SWIFT_VERSION = 4.0;
				TARGETED_DEVICE_FAMILY = "1,2";
			};
			name = Release;
		};
		E8AA03DF20711FC30064F2CF /* Debug */ = {
			isa = XCBuildConfiguration;
			buildSettings = {
				CODE_SIGN_STYLE = Automatic;
				PRODUCT_NAME = "$(TARGET_NAME)";
			};
			name = Debug;
		};
		E8AA03E020711FC30064F2CF /* Release */ = {
			isa = XCBuildConfiguration;
			buildSettings = {
				CODE_SIGN_STYLE = Automatic;
				PRODUCT_NAME = "$(TARGET_NAME)";
			};
			name = Release;
		};
/* End XCBuildConfiguration section */

/* Begin XCConfigurationList section */
		E8A99265206F6D810025F13E /* Build configuration list for PBXProject "TwitterClient" */ = {
			isa = XCConfigurationList;
			buildConfigurations = (
				E8A9927A206F6D810025F13E /* Debug */,
				E8A9927B206F6D810025F13E /* Release */,
			);
			defaultConfigurationIsVisible = 0;
			defaultConfigurationName = Release;
		};
		E8A9927C206F6D810025F13E /* Build configuration list for PBXNativeTarget "TwitterClient" */ = {
			isa = XCConfigurationList;
			buildConfigurations = (
				E8A9927D206F6D810025F13E /* Debug */,
				E8A9927E206F6D810025F13E /* Release */,
			);
			defaultConfigurationIsVisible = 0;
			defaultConfigurationName = Release;
		};
		E8AA03DE20711FC30064F2CF /* Build configuration list for PBXAggregateTarget "CommonCryptoModuleMap" */ = {
			isa = XCConfigurationList;
			buildConfigurations = (
				E8AA03DF20711FC30064F2CF /* Debug */,
				E8AA03E020711FC30064F2CF /* Release */,
			);
			defaultConfigurationIsVisible = 0;
			defaultConfigurationName = Release;
		};
/* End XCConfigurationList section */
	};
	rootObject = E8A99262206F6D810025F13E /* Project object */;
}
